
Microsoft Visual Studio Solution File, Format Version 12.00
# Visual Studio Version 17
VisualStudioVersion = 17.7.34024.191
MinimumVisualStudioVersion = 10.0.40219.1
Project("{FAE04EC0-301F-11D3-BF4B-00C04F79EFBC}") = "P418-Practical-23.9.23", "P418-Practical-23.9.23\P418-Practical-23.9.23.csproj", "{694716FC-B946-4ABA-975D-ECF80263A652}"
EndProject
Global
	GlobalSection(SolutionConfigurationPlatforms) = preSolution
		Debug|Any CPU = Debug|Any CPU
		Release|Any CPU = Release|Any CPU
	EndGlobalSection
	GlobalSection(ProjectConfigurationPlatforms) = postSolution
		{694716FC-B946-4ABA-975D-ECF80263A652}.Debug|Any CPU.ActiveCfg = Debug|Any CPU
		{694716FC-B946-4ABA-975D-ECF80263A652}.Debug|Any CPU.Build.0 = Debug|Any CPU
		{694716FC-B946-4ABA-975D-ECF80263A652}.Release|Any CPU.ActiveCfg = Release|Any CPU
		{694716FC-B946-4ABA-975D-ECF80263A652}.Release|Any CPU.Build.0 = Release|Any CPU
	EndGlobalSection
	GlobalSection(SolutionProperties) = preSolution
		HideSolutionNode = FALSE
	EndGlobalSection
	GlobalSection(ExtensibilityGlobals) = postSolution
		SolutionGuid = {38685399-FE6F-4C62-831C-F6D7689CC734}
	EndGlobalSection
EndGlobal
